
Microsoft Visual Studio Solution File, Format Version 12.00
# Visual Studio Version 17
VisualStudioVersion = 17.0.31717.71
MinimumVisualStudioVersion = 10.0.40219.1
Project("{9A19103F-16F7-4668-BE54-9A1E7A4F7556}") = "Hawaso", "Hawaso\Hawaso.csproj", "{4C539CB3-5FF6-4BFB-9E4F-66EC6BC6D2AE}"
EndProject
Project("{9A19103F-16F7-4668-BE54-9A1E7A4F7556}") = "Hawaso.Models", "Hawaso.Models\Hawaso.Models.csproj", "{83873BC4-EB3D-4461-8058-6159CDFAAA0C}"
EndProject
Project("{00D1A9C2-B5F0-4AF3-8072-F6C62B433612}") = "Hawaso.SqlServer", "Hawaso.SqlServer\Hawaso.SqlServer.sqlproj", "{6A12F9DF-7FCC-4EB0-8FFF-609A4157B88F}"
EndProject
Project("{9A19103F-16F7-4668-BE54-9A1E7A4F7556}") = "Hawaso.Models.Tests", "Hawaso.Models.Tests\Hawaso.Models.Tests.csproj", "{4359BE4A-FAE0-4B06-8F2A-3A980B3984B9}"
EndProject
Project("{9A19103F-16F7-4668-BE54-9A1E7A4F7556}") = "VisualAcademy.Models.Notes", "VisualAcademy.Models.Notes\VisualAcademy.Models.Notes.csproj", "{0835751C-48BD-4557-883C-F5E1DC604D8C}"
EndProject
Project("{2150E333-8FDC-42A3-9474-1A3956D46DE8}") = "NuGets", "NuGets", "{F6CA3E30-D409-4966-AFED-9F2D531347DA}"
EndProject
Project("{9A19103F-16F7-4668-BE54-9A1E7A4F7556}") = "VisualAcademy.Models.Uploads", "VisualAcademy.Models.Uploads\VisualAcademy.Models.Uploads.csproj", "{EDFFF16D-5024-4970-96B5-6F91DB6676BC}"
EndProject
Project("{9A19103F-16F7-4668-BE54-9A1E7A4F7556}") = "VisualAcademy.Models.Uploads.Tests", "VisualAcademy.Models.Uploads.Tests\VisualAcademy.Models.Uploads.Tests.csproj", "{F0878195-5B15-410C-8F5A-D50C6C112132}"
EndProject
Project("{9A19103F-16F7-4668-BE54-9A1E7A4F7556}") = "VisualAcademy.Models.Libraries", "VisualAcademy.Models.Libraries\VisualAcademy.Models.Libraries.csproj", "{28FE2267-F593-4665-BA71-145D34BC6056}"
EndProject
Project("{9A19103F-16F7-4668-BE54-9A1E7A4F7556}") = "VisualAcademy.Models.BriefingLogs", "VisualAcademy.Models.BriefingLogs\VisualAcademy.Models.BriefingLogs.csproj", "{333930C9-6CD0-493F-B43F-FBD9A78295E4}"
EndProject
Project("{9A19103F-16F7-4668-BE54-9A1E7A4F7556}") = "VisualAcademy.Models.Replys", "VisualAcademy.Models.Replys\VisualAcademy.Models.Replys.csproj", "{088B4B5A-C2C7-4A0E-AB2D-B3F931784696}"
EndProject
Project("{9A19103F-16F7-4668-BE54-9A1E7A4F7556}") = "VisualAcademy.Models.Replys.Tests", "VisualAcademy.Models.Replys.Tests\VisualAcademy.Models.Replys.Tests.csproj", "{B027DCB6-8550-4D69-B81C-57DAA35C89B8}"
EndProject
Project("{9A19103F-16F7-4668-BE54-9A1E7A4F7556}") = "VisualAcademy.Models.Archives", "VisualAcademy.Models.Archives\VisualAcademy.Models.Archives.csproj", "{5CE11DD8-CE8E-46F4-BAC5-596093CEF1D5}"
EndProject
Global
	GlobalSection(SolutionConfigurationPlatforms) = preSolution
		Debug|Any CPU = Debug|Any CPU
		Release|Any CPU = Release|Any CPU
	EndGlobalSection
	GlobalSection(ProjectConfigurationPlatforms) = postSolution
		{4C539CB3-5FF6-4BFB-9E4F-66EC6BC6D2AE}.Debug|Any CPU.ActiveCfg = Debug|Any CPU
		{4C539CB3-5FF6-4BFB-9E4F-66EC6BC6D2AE}.Debug|Any CPU.Build.0 = Debug|Any CPU
		{4C539CB3-5FF6-4BFB-9E4F-66EC6BC6D2AE}.Release|Any CPU.ActiveCfg = Release|Any CPU
		{4C539CB3-5FF6-4BFB-9E4F-66EC6BC6D2AE}.Release|Any CPU.Build.0 = Release|Any CPU
		{83873BC4-EB3D-4461-8058-6159CDFAAA0C}.Debug|Any CPU.ActiveCfg = Debug|Any CPU
		{83873BC4-EB3D-4461-8058-6159CDFAAA0C}.Debug|Any CPU.Build.0 = Debug|Any CPU
		{83873BC4-EB3D-4461-8058-6159CDFAAA0C}.Release|Any CPU.ActiveCfg = Release|Any CPU
		{83873BC4-EB3D-4461-8058-6159CDFAAA0C}.Release|Any CPU.Build.0 = Release|Any CPU
		{6A12F9DF-7FCC-4EB0-8FFF-609A4157B88F}.Debug|Any CPU.ActiveCfg = Debug|Any CPU
		{6A12F9DF-7FCC-4EB0-8FFF-609A4157B88F}.Debug|Any CPU.Build.0 = Debug|Any CPU
		{6A12F9DF-7FCC-4EB0-8FFF-609A4157B88F}.Debug|Any CPU.Deploy.0 = Debug|Any CPU
		{6A12F9DF-7FCC-4EB0-8FFF-609A4157B88F}.Release|Any CPU.ActiveCfg = Release|Any CPU
		{6A12F9DF-7FCC-4EB0-8FFF-609A4157B88F}.Release|Any CPU.Build.0 = Release|Any CPU
		{6A12F9DF-7FCC-4EB0-8FFF-609A4157B88F}.Release|Any CPU.Deploy.0 = Release|Any CPU
		{4359BE4A-FAE0-4B06-8F2A-3A980B3984B9}.Debug|Any CPU.ActiveCfg = Debug|Any CPU
		{4359BE4A-FAE0-4B06-8F2A-3A980B3984B9}.Debug|Any CPU.Build.0 = Debug|Any CPU
		{4359BE4A-FAE0-4B06-8F2A-3A980B3984B9}.Release|Any CPU.ActiveCfg = Release|Any CPU
		{4359BE4A-FAE0-4B06-8F2A-3A980B3984B9}.Release|Any CPU.Build.0 = Release|Any CPU
		{0835751C-48BD-4557-883C-F5E1DC604D8C}.Debug|Any CPU.ActiveCfg = Debug|Any CPU
		{0835751C-48BD-4557-883C-F5E1DC604D8C}.Debug|Any CPU.Build.0 = Debug|Any CPU
		{0835751C-48BD-4557-883C-F5E1DC604D8C}.Release|Any CPU.ActiveCfg = Release|Any CPU
		{0835751C-48BD-4557-883C-F5E1DC604D8C}.Release|Any CPU.Build.0 = Release|Any CPU
		{EDFFF16D-5024-4970-96B5-6F91DB6676BC}.Debug|Any CPU.ActiveCfg = Debug|Any CPU
		{EDFFF16D-5024-4970-96B5-6F91DB6676BC}.Debug|Any CPU.Build.0 = Debug|Any CPU
		{EDFFF16D-5024-4970-96B5-6F91DB6676BC}.Release|Any CPU.ActiveCfg = Release|Any CPU
		{EDFFF16D-5024-4970-96B5-6F91DB6676BC}.Release|Any CPU.Build.0 = Release|Any CPU
		{F0878195-5B15-410C-8F5A-D50C6C112132}.Debug|Any CPU.ActiveCfg = Debug|Any CPU
		{F0878195-5B15-410C-8F5A-D50C6C112132}.Debug|Any CPU.Build.0 = Debug|Any CPU
		{F0878195-5B15-410C-8F5A-D50C6C112132}.Release|Any CPU.ActiveCfg = Release|Any CPU
		{F0878195-5B15-410C-8F5A-D50C6C112132}.Release|Any CPU.Build.0 = Release|Any CPU
		{28FE2267-F593-4665-BA71-145D34BC6056}.Debug|Any CPU.ActiveCfg = Debug|Any CPU
		{28FE2267-F593-4665-BA71-145D34BC6056}.Debug|Any CPU.Build.0 = Debug|Any CPU
		{28FE2267-F593-4665-BA71-145D34BC6056}.Release|Any CPU.ActiveCfg = Release|Any CPU
		{28FE2267-F593-4665-BA71-145D34BC6056}.Release|Any CPU.Build.0 = Release|Any CPU
		{333930C9-6CD0-493F-B43F-FBD9A78295E4}.Debug|Any CPU.ActiveCfg = Debug|Any CPU
		{333930C9-6CD0-493F-B43F-FBD9A78295E4}.Debug|Any CPU.Build.0 = Debug|Any CPU
		{333930C9-6CD0-493F-B43F-FBD9A78295E4}.Release|Any CPU.ActiveCfg = Release|Any CPU
		{333930C9-6CD0-493F-B43F-FBD9A78295E4}.Release|Any CPU.Build.0 = Release|Any CPU
		{088B4B5A-C2C7-4A0E-AB2D-B3F931784696}.Debug|Any CPU.ActiveCfg = Debug|Any CPU
		{088B4B5A-C2C7-4A0E-AB2D-B3F931784696}.Debug|Any CPU.Build.0 = Debug|Any CPU
		{088B4B5A-C2C7-4A0E-AB2D-B3F931784696}.Release|Any CPU.ActiveCfg = Release|Any CPU
		{088B4B5A-C2C7-4A0E-AB2D-B3F931784696}.Release|Any CPU.Build.0 = Release|Any CPU
		{B027DCB6-8550-4D69-B81C-57DAA35C89B8}.Debug|Any CPU.ActiveCfg = Debug|Any CPU
		{B027DCB6-8550-4D69-B81C-57DAA35C89B8}.Debug|Any CPU.Build.0 = Debug|Any CPU
		{B027DCB6-8550-4D69-B81C-57DAA35C89B8}.Release|Any CPU.ActiveCfg = Release|Any CPU
		{B027DCB6-8550-4D69-B81C-57DAA35C89B8}.Release|Any CPU.Build.0 = Release|Any CPU
		{5CE11DD8-CE8E-46F4-BAC5-596093CEF1D5}.Debug|Any CPU.ActiveCfg = Debug|Any CPU
		{5CE11DD8-CE8E-46F4-BAC5-596093CEF1D5}.Debug|Any CPU.Build.0 = Debug|Any CPU
		{5CE11DD8-CE8E-46F4-BAC5-596093CEF1D5}.Release|Any CPU.ActiveCfg = Release|Any CPU
		{5CE11DD8-CE8E-46F4-BAC5-596093CEF1D5}.Release|Any CPU.Build.0 = Release|Any CPU
	EndGlobalSection
	GlobalSection(SolutionProperties) = preSolution
		HideSolutionNode = FALSE
	EndGlobalSection
	GlobalSection(NestedProjects) = preSolution
		{0835751C-48BD-4557-883C-F5E1DC604D8C} = {F6CA3E30-D409-4966-AFED-9F2D531347DA}
		{5CE11DD8-CE8E-46F4-BAC5-596093CEF1D5} = {F6CA3E30-D409-4966-AFED-9F2D531347DA}
	EndGlobalSection
	GlobalSection(ExtensibilityGlobals) = postSolution
		SolutionGuid = {7F86D6CB-300E-4E37-A365-2AEE99055855}
	EndGlobalSection
EndGlobal
